
Microsoft Visual Studio Solution File, Format Version 12.00
# Visual Studio Version 17
VisualStudioVersion = 17.6.33829.357
MinimumVisualStudioVersion = 10.0.40219.1
Project("{9A19103F-16F7-4668-BE54-9A1E7A4F7556}") = "DeportesUAQ", "DeportesUAQ.csproj", "{DADA2A9F-9BCB-4657-AF52-1D9AA442C46F}"
EndProject
Global
	GlobalSection(SolutionConfigurationPlatforms) = preSolution
		Debug|Any CPU = Debug|Any CPU
		Release|Any CPU = Release|Any CPU
	EndGlobalSection
	GlobalSection(ProjectConfigurationPlatforms) = postSolution
		{DADA2A9F-9BCB-4657-AF52-1D9AA442C46F}.Debug|Any CPU.ActiveCfg = Debug|Any CPU
		{DADA2A9F-9BCB-4657-AF52-1D9AA442C46F}.Debug|Any CPU.Build.0 = Debug|Any CPU
		{DADA2A9F-9BCB-4657-AF52-1D9AA442C46F}.Release|Any CPU.ActiveCfg = Release|Any CPU
		{DADA2A9F-9BCB-4657-AF52-1D9AA442C46F}.Release|Any CPU.Build.0 = Release|Any CPU
	EndGlobalSection
	GlobalSection(SolutionProperties) = preSolution
		HideSolutionNode = FALSE
	EndGlobalSection
	GlobalSection(ExtensibilityGlobals) = postSolution
		SolutionGuid = {F1437C4C-B11D-41C4-8452-1F74DDDAED8B}
	EndGlobalSection
EndGlobal
